
Microsoft Visual Studio Solution File, Format Version 12.00
# Visual Studio Version 17
VisualStudioVersion = 17.9.34622.214
MinimumVisualStudioVersion = 10.0.40219.1
Project("{FAE04EC0-301F-11D3-BF4B-00C04F79EFBC}") = "Tasks-Fox", "Tasks-Fox.csproj", "{7D9C6CEB-C987-4055-BD9B-00A145E7C1EB}"
EndProject
Global
	GlobalSection(SolutionConfigurationPlatforms) = preSolution
		Debug|Any CPU = Debug|Any CPU
		Release|Any CPU = Release|Any CPU
	EndGlobalSection
	GlobalSection(ProjectConfigurationPlatforms) = postSolution
		{7D9C6CEB-C987-4055-BD9B-00A145E7C1EB}.Debug|Any CPU.ActiveCfg = Debug|Any CPU
		{7D9C6CEB-C987-4055-BD9B-00A145E7C1EB}.Debug|Any CPU.Build.0 = Debug|Any CPU
		{7D9C6CEB-C987-4055-BD9B-00A145E7C1EB}.Release|Any CPU.ActiveCfg = Release|Any CPU
		{7D9C6CEB-C987-4055-BD9B-00A145E7C1EB}.Release|Any CPU.Build.0 = Release|Any CPU
	EndGlobalSection
	GlobalSection(SolutionProperties) = preSolution
		HideSolutionNode = FALSE
	EndGlobalSection
	GlobalSection(ExtensibilityGlobals) = postSolution
		SolutionGuid = {A3A20BDA-7C98-409B-964C-6C63A3E17505}
	EndGlobalSection
EndGlobal
